Microsoft Visual Studio Solution File, Format Version 12.00
# Visual Studio Version 17
VisualStudioVersion = 17.5.2.0
MinimumVisualStudioVersion = 10.0.40219.1
Project("{FAE04EC0-301F-11D3-BF4B-00C04F79EFBC}") = "questao-01", "questao-01.csproj", "{EBCA9DF0-C45B-69D1-1963-23756E31F06C}"
EndProject
Global
	GlobalSection(SolutionConfigurationPlatforms) = preSolution
		Debug|Any CPU = Debug|Any CPU
		Release|Any CPU = Release|Any CPU
	EndGlobalSection
	GlobalSection(ProjectConfigurationPlatforms) = postSolution
		{EBCA9DF0-C45B-69D1-1963-23756E31F06C}.Debug|Any CPU.ActiveCfg = Debug|Any CPU
		{EBCA9DF0-C45B-69D1-1963-23756E31F06C}.Debug|Any CPU.Build.0 = Debug|Any CPU
		{EBCA9DF0-C45B-69D1-1963-23756E31F06C}.Release|Any CPU.ActiveCfg = Release|Any CPU
		{EBCA9DF0-C45B-69D1-1963-23756E31F06C}.Release|Any CPU.Build.0 = Release|Any CPU
	EndGlobalSection
	GlobalSection(SolutionProperties) = preSolution
		HideSolutionNode = FALSE
	EndGlobalSection
	GlobalSection(ExtensibilityGlobals) = postSolution
		SolutionGuid = {18BA3AFE-5390-4C14-9A58-C0451069A05A}
	EndGlobalSection
EndGlobal
